
Microsoft Visual Studio Solution File, Format Version 12.00
# Visual Studio Version 17
VisualStudioVersion = 17.4.33122.133
MinimumVisualStudioVersion = 10.0.40219.1
Project("{2150E333-8FDC-42A3-9474-1A3956D46DE8}") = "day01", "day01", "{0E787ED7-75BD-4C82-9F8F-1BB17245983B}"
EndProject
Project("{2150E333-8FDC-42A3-9474-1A3956D46DE8}") = "day02", "day02", "{D805BE58-6AA9-4DBC-A184-1A3A3CD72BC3}"
EndProject
Project("{2150E333-8FDC-42A3-9474-1A3956D46DE8}") = "day03", "day03", "{BD353079-D7C7-4526-84CC-433519A6F414}"
EndProject
Project("{9A19103F-16F7-4668-BE54-9A1E7A4F7556}") = "CalorieCounting", "CalorieCounting\CalorieCounting.csproj", "{44663AA5-A9D2-4679-A1D6-43B36ECD98D5}"
EndProject
Project("{9A19103F-16F7-4668-BE54-9A1E7A4F7556}") = "RockPaperScissors", "RockPaperScissors\RockPaperScissors.csproj", "{38612488-E927-415E-A6DD-20DBE7B0A8C7}"
EndProject
Project("{9A19103F-16F7-4668-BE54-9A1E7A4F7556}") = "RucksackReorganization", "RucksackReorganization\RucksackReorganization.csproj", "{527256C0-4243-4A6A-901E-29A511F0C82D}"
EndProject
Project("{2150E333-8FDC-42A3-9474-1A3956D46DE8}") = "day04", "day04", "{5319F7B6-D4BD-472D-A997-5A41E819F082}"
EndProject
Project("{9A19103F-16F7-4668-BE54-9A1E7A4F7556}") = "CampCleanup", "CampCleanup\CampCleanup.csproj", "{648F349D-AD5E-4A3C-850A-48C5FFAC023E}"
EndProject
Project("{2150E333-8FDC-42A3-9474-1A3956D46DE8}") = "day05", "day05", "{72F467C5-87E9-4396-95FC-1F1975E7F305}"
EndProject
Project("{9A19103F-16F7-4668-BE54-9A1E7A4F7556}") = "SupplyStacks", "SupplyStacks\SupplyStacks.csproj", "{EFBEA68B-C36A-4376-9612-BD38F561F953}"
EndProject
Project("{2150E333-8FDC-42A3-9474-1A3956D46DE8}") = "day06", "day06", "{B0C191CE-4D14-4AE6-A5D2-883F6CA963C7}"
EndProject
Project("{9A19103F-16F7-4668-BE54-9A1E7A4F7556}") = "TuningTrouble", "TuningTrouble\TuningTrouble.csproj", "{EFA0491E-1113-4A1D-A18A-687054A91EE5}"
EndProject
Project("{2150E333-8FDC-42A3-9474-1A3956D46DE8}") = "day07", "day07", "{DF30FE38-508A-4678-A2E7-E82FF92C75E5}"
EndProject
Project("{9A19103F-16F7-4668-BE54-9A1E7A4F7556}") = "NoSpaceLeftOnDevice", "NoSpaceLeftOnDevice\NoSpaceLeftOnDevice.csproj", "{C366B465-C5CF-46E1-8207-75171921D875}"
EndProject
Project("{2150E333-8FDC-42A3-9474-1A3956D46DE8}") = "day08", "day08", "{3B12FCD0-E625-4D3A-B54F-7647D9AE7B2E}"
EndProject
Project("{9A19103F-16F7-4668-BE54-9A1E7A4F7556}") = "TreetopTreeHouse", "TreetopTreeHouse\TreetopTreeHouse.csproj", "{5BF14842-083E-476A-BE0C-639810008FD7}"
EndProject
Project("{2150E333-8FDC-42A3-9474-1A3956D46DE8}") = "day09", "day09", "{BF958DBD-BDD5-4841-A908-0D4E3F60593A}"
EndProject
Project("{9A19103F-16F7-4668-BE54-9A1E7A4F7556}") = "RopeBridge", "RopeBridge\RopeBridge.csproj", "{0E2F3B7F-9103-4DB8-8220-09ECBE1634B4}"
EndProject
Project("{2150E333-8FDC-42A3-9474-1A3956D46DE8}") = "day10", "day10", "{2B70B92F-7732-41A0-948D-A55100DA1B8A}"
EndProject
Project("{FAE04EC0-301F-11D3-BF4B-00C04F79EFBC}") = "CathodeRayTube", "CathodeRayTube\CathodeRayTube.csproj", "{F85590D1-88D2-4FF0-B142-4AE948F30C5D}"
EndProject
Global
	GlobalSection(SolutionConfigurationPlatforms) = preSolution
		Debug|Any CPU = Debug|Any CPU
		Release|Any CPU = Release|Any CPU
	EndGlobalSection
	GlobalSection(ProjectConfigurationPlatforms) = postSolution
		{44663AA5-A9D2-4679-A1D6-43B36ECD98D5}.Debug|Any CPU.ActiveCfg = Debug|Any CPU
		{44663AA5-A9D2-4679-A1D6-43B36ECD98D5}.Debug|Any CPU.Build.0 = Debug|Any CPU
		{44663AA5-A9D2-4679-A1D6-43B36ECD98D5}.Release|Any CPU.ActiveCfg = Release|Any CPU
		{44663AA5-A9D2-4679-A1D6-43B36ECD98D5}.Release|Any CPU.Build.0 = Release|Any CPU
		{38612488-E927-415E-A6DD-20DBE7B0A8C7}.Debug|Any CPU.ActiveCfg = Debug|Any CPU
		{38612488-E927-415E-A6DD-20DBE7B0A8C7}.Debug|Any CPU.Build.0 = Debug|Any CPU
		{38612488-E927-415E-A6DD-20DBE7B0A8C7}.Release|Any CPU.ActiveCfg = Release|Any CPU
		{38612488-E927-415E-A6DD-20DBE7B0A8C7}.Release|Any CPU.Build.0 = Release|Any CPU
		{527256C0-4243-4A6A-901E-29A511F0C82D}.Debug|Any CPU.ActiveCfg = Debug|Any CPU
		{527256C0-4243-4A6A-901E-29A511F0C82D}.Debug|Any CPU.Build.0 = Debug|Any CPU
		{527256C0-4243-4A6A-901E-29A511F0C82D}.Release|Any CPU.ActiveCfg = Release|Any CPU
		{527256C0-4243-4A6A-901E-29A511F0C82D}.Release|Any CPU.Build.0 = Release|Any CPU
		{648F349D-AD5E-4A3C-850A-48C5FFAC023E}.Debug|Any CPU.ActiveCfg = Debug|Any CPU
		{648F349D-AD5E-4A3C-850A-48C5FFAC023E}.Debug|Any CPU.Build.0 = Debug|Any CPU
		{648F349D-AD5E-4A3C-850A-48C5FFAC023E}.Release|Any CPU.ActiveCfg = Release|Any CPU
		{648F349D-AD5E-4A3C-850A-48C5FFAC023E}.Release|Any CPU.Build.0 = Release|Any CPU
		{EFBEA68B-C36A-4376-9612-BD38F561F953}.Debug|Any CPU.ActiveCfg = Debug|Any CPU
		{EFBEA68B-C36A-4376-9612-BD38F561F953}.Debug|Any CPU.Build.0 = Debug|Any CPU
		{EFBEA68B-C36A-4376-9612-BD38F561F953}.Release|Any CPU.ActiveCfg = Release|Any CPU
		{EFBEA68B-C36A-4376-9612-BD38F561F953}.Release|Any CPU.Build.0 = Release|Any CPU
		{EFA0491E-1113-4A1D-A18A-687054A91EE5}.Debug|Any CPU.ActiveCfg = Debug|Any CPU
		{EFA0491E-1113-4A1D-A18A-687054A91EE5}.Debug|Any CPU.Build.0 = Debug|Any CPU
		{EFA0491E-1113-4A1D-A18A-687054A91EE5}.Release|Any CPU.ActiveCfg = Release|Any CPU
		{EFA0491E-1113-4A1D-A18A-687054A91EE5}.Release|Any CPU.Build.0 = Release|Any CPU
		{C366B465-C5CF-46E1-8207-75171921D875}.Debug|Any CPU.ActiveCfg = Debug|Any CPU
		{C366B465-C5CF-46E1-8207-75171921D875}.Debug|Any CPU.Build.0 = Debug|Any CPU
		{C366B465-C5CF-46E1-8207-75171921D875}.Release|Any CPU.ActiveCfg = Release|Any CPU
		{C366B465-C5CF-46E1-8207-75171921D875}.Release|Any CPU.Build.0 = Release|Any CPU
		{5BF14842-083E-476A-BE0C-639810008FD7}.Debug|Any CPU.ActiveCfg = Debug|Any CPU
		{5BF14842-083E-476A-BE0C-639810008FD7}.Debug|Any CPU.Build.0 = Debug|Any CPU
		{5BF14842-083E-476A-BE0C-639810008FD7}.Release|Any CPU.ActiveCfg = Release|Any CPU
		{5BF14842-083E-476A-BE0C-639810008FD7}.Release|Any CPU.Build.0 = Release|Any CPU
		{0E2F3B7F-9103-4DB8-8220-09ECBE1634B4}.Debug|Any CPU.ActiveCfg = Debug|Any CPU
		{0E2F3B7F-9103-4DB8-8220-09ECBE1634B4}.Debug|Any CPU.Build.0 = Debug|Any CPU
		{0E2F3B7F-9103-4DB8-8220-09ECBE1634B4}.Release|Any CPU.ActiveCfg = Release|Any CPU
		{0E2F3B7F-9103-4DB8-8220-09ECBE1634B4}.Release|Any CPU.Build.0 = Release|Any CPU
		{F85590D1-88D2-4FF0-B142-4AE948F30C5D}.Debug|Any CPU.ActiveCfg = Debug|Any CPU
		{F85590D1-88D2-4FF0-B142-4AE948F30C5D}.Debug|Any CPU.Build.0 = Debug|Any CPU
		{F85590D1-88D2-4FF0-B142-4AE948F30C5D}.Release|Any CPU.ActiveCfg = Release|Any CPU
		{F85590D1-88D2-4FF0-B142-4AE948F30C5D}.Release|Any CPU.Build.0 = Release|Any CPU
	EndGlobalSection
	GlobalSection(SolutionProperties) = preSolution
		HideSolutionNode = FALSE
	EndGlobalSection
	GlobalSection(NestedProjects) = preSolution
		{44663AA5-A9D2-4679-A1D6-43B36ECD98D5} = {0E787ED7-75BD-4C82-9F8F-1BB17245983B}
		{38612488-E927-415E-A6DD-20DBE7B0A8C7} = {D805BE58-6AA9-4DBC-A184-1A3A3CD72BC3}
		{527256C0-4243-4A6A-901E-29A511F0C82D} = {BD353079-D7C7-4526-84CC-433519A6F414}
		{648F349D-AD5E-4A3C-850A-48C5FFAC023E} = {5319F7B6-D4BD-472D-A997-5A41E819F082}
		{EFBEA68B-C36A-4376-9612-BD38F561F953} = {72F467C5-87E9-4396-95FC-1F1975E7F305}
		{EFA0491E-1113-4A1D-A18A-687054A91EE5} = {B0C191CE-4D14-4AE6-A5D2-883F6CA963C7}
		{C366B465-C5CF-46E1-8207-75171921D875} = {DF30FE38-508A-4678-A2E7-E82FF92C75E5}
		{5BF14842-083E-476A-BE0C-639810008FD7} = {3B12FCD0-E625-4D3A-B54F-7647D9AE7B2E}
		{0E2F3B7F-9103-4DB8-8220-09ECBE1634B4} = {BF958DBD-BDD5-4841-A908-0D4E3F60593A}
		{F85590D1-88D2-4FF0-B142-4AE948F30C5D} = {2B70B92F-7732-41A0-948D-A55100DA1B8A}
	EndGlobalSection
	GlobalSection(ExtensibilityGlobals) = postSolution
		SolutionGuid = {37D7F691-4E26-4660-B787-E91F6AA81020}
	EndGlobalSection
EndGlobal
